
Microsoft Visual Studio Solution File, Format Version 12.00
# Visual Studio 15
VisualStudioVersion = 15.0.26206.0
MinimumVisualStudioVersion = 10.0.40219.1
Project("{FAE04EC0-301F-11D3-BF4B-00C04F79EFBC}") = "TreeViewPoC", "TreeViewPoC\TreeViewPoC.csproj", "{1ECE756F-933C-440E-A65F-6965C60506B2}"
EndProject
Project("{9A19103F-16F7-4668-BE54-9A1E7A4F7556}") = "TreeViewPoC.Core", "TreeViewPoC.Core\TreeViewPoC.Core.csproj", "{3BAF9337-B7C7-4B10-894E-60800150351D}"
EndProject
Global
	GlobalSection(SolutionConfigurationPlatforms) = preSolution
		Debug|Any CPU = Debug|Any CPU
		Debug|ARM = Debug|ARM
		Debug|x64 = Debug|x64
		Debug|x86 = Debug|x86
		Release|Any CPU = Release|Any CPU
		Release|ARM = Release|ARM
		Release|x64 = Release|x64
		Release|x86 = Release|x86
	EndGlobalSection
	GlobalSection(ProjectConfigurationPlatforms) = postSolution
		{1ECE756F-933C-440E-A65F-6965C60506B2}.Debug|Any CPU.ActiveCfg = Debug|x86
		{1ECE756F-933C-440E-A65F-6965C60506B2}.Debug|ARM.ActiveCfg = Debug|ARM
		{1ECE756F-933C-440E-A65F-6965C60506B2}.Debug|ARM.Build.0 = Debug|ARM
		{1ECE756F-933C-440E-A65F-6965C60506B2}.Debug|ARM.Deploy.0 = Debug|ARM
		{1ECE756F-933C-440E-A65F-6965C60506B2}.Debug|x64.ActiveCfg = Debug|x64
		{1ECE756F-933C-440E-A65F-6965C60506B2}.Debug|x64.Build.0 = Debug|x64
		{1ECE756F-933C-440E-A65F-6965C60506B2}.Debug|x64.Deploy.0 = Debug|x64
		{1ECE756F-933C-440E-A65F-6965C60506B2}.Debug|x86.ActiveCfg = Debug|x86
		{1ECE756F-933C-440E-A65F-6965C60506B2}.Debug|x86.Build.0 = Debug|x86
		{1ECE756F-933C-440E-A65F-6965C60506B2}.Debug|x86.Deploy.0 = Debug|x86
		{1ECE756F-933C-440E-A65F-6965C60506B2}.Release|Any CPU.ActiveCfg = Release|x86
		{1ECE756F-933C-440E-A65F-6965C60506B2}.Release|ARM.ActiveCfg = Release|ARM
		{1ECE756F-933C-440E-A65F-6965C60506B2}.Release|ARM.Build.0 = Release|ARM
		{1ECE756F-933C-440E-A65F-6965C60506B2}.Release|ARM.Deploy.0 = Release|ARM
		{1ECE756F-933C-440E-A65F-6965C60506B2}.Release|x64.ActiveCfg = Release|x64
		{1ECE756F-933C-440E-A65F-6965C60506B2}.Release|x64.Build.0 = Release|x64
		{1ECE756F-933C-440E-A65F-6965C60506B2}.Release|x64.Deploy.0 = Release|x64
		{1ECE756F-933C-440E-A65F-6965C60506B2}.Release|x86.ActiveCfg = Release|x86
		{1ECE756F-933C-440E-A65F-6965C60506B2}.Release|x86.Build.0 = Release|x86
		{1ECE756F-933C-440E-A65F-6965C60506B2}.Release|x86.Deploy.0 = Release|x86
		{3BAF9337-B7C7-4B10-894E-60800150351D}.Debug|Any CPU.ActiveCfg = Debug|Any CPU
		{3BAF9337-B7C7-4B10-894E-60800150351D}.Debug|Any CPU.Build.0 = Debug|Any CPU
		{3BAF9337-B7C7-4B10-894E-60800150351D}.Debug|ARM.ActiveCfg = Debug|Any CPU
		{3BAF9337-B7C7-4B10-894E-60800150351D}.Debug|ARM.Build.0 = Debug|Any CPU
		{3BAF9337-B7C7-4B10-894E-60800150351D}.Debug|x64.ActiveCfg = Debug|Any CPU
		{3BAF9337-B7C7-4B10-894E-60800150351D}.Debug|x64.Build.0 = Debug|Any CPU
		{3BAF9337-B7C7-4B10-894E-60800150351D}.Debug|x86.ActiveCfg = Debug|Any CPU
		{3BAF9337-B7C7-4B10-894E-60800150351D}.Debug|x86.Build.0 = Debug|Any CPU
		{3BAF9337-B7C7-4B10-894E-60800150351D}.Release|Any CPU.ActiveCfg = Release|Any CPU
		{3BAF9337-B7C7-4B10-894E-60800150351D}.Release|Any CPU.Build.0 = Release|Any CPU
		{3BAF9337-B7C7-4B10-894E-60800150351D}.Release|ARM.ActiveCfg = Release|Any CPU
		{3BAF9337-B7C7-4B10-894E-60800150351D}.Release|ARM.Build.0 = Release|Any CPU
		{3BAF9337-B7C7-4B10-894E-60800150351D}.Release|x64.ActiveCfg = Release|Any CPU
		{3BAF9337-B7C7-4B10-894E-60800150351D}.Release|x64.Build.0 = Release|Any CPU
		{3BAF9337-B7C7-4B10-894E-60800150351D}.Release|x86.ActiveCfg = Release|Any CPU
		{3BAF9337-B7C7-4B10-894E-60800150351D}.Release|x86.Build.0 = Release|Any CPU
	EndGlobalSection
	GlobalSection(SolutionProperties) = preSolution
		HideSolutionNode = FALSE
	EndGlobalSection
	GlobalSection(ExtensibilityGlobals) = postSolution
		SolutionGuid = {5CF875AF-5D64-4807-82D1-64A91DE2121E}
	EndGlobalSection
EndGlobal
